// !$*UTF8*$!
{
	archiveVersion = 1;
	classes = {
	};
	objectVersion = 50;
	objects = {

/* Begin PBXBuildFile section */
		D05775BE214B4557006D8DBF /* AppDelegate.swift in Sources */ = {isa = PBXBuildFile; fileRef = D05775BD214B4557006D8DBF /* AppDelegate.swift */; };
		D05775C0214B4557006D8DBF /* FirstViewController.swift in Sources */ = {isa = PBXBuildFile; fileRef = D05775BF214B4557006D8DBF /* FirstViewController.swift */; };
		D05775C2214B4557006D8DBF /* SecondViewController.swift in Sources */ = {isa = PBXBuildFile; fileRef = D05775C1214B4557006D8DBF /* SecondViewController.swift */; };
		D05775C5214B4557006D8DBF /* Main.storyboard in Resources */ = {isa = PBXBuildFile; fileRef = D05775C3214B4557006D8DBF /* Main.storyboard */; };
		D05775C7214B4558006D8DBF /* Assets.xcassets in Resources */ = {isa = PBXBuildFile; fileRef = D05775C6214B4558006D8DBF /* Assets.xcassets */; };
		D05775CA214B4558006D8DBF /* LaunchScreen.storyboard in Resources */ = {isa = PBXBuildFile; fileRef = D05775C8214B4558006D8DBF /* LaunchScreen.storyboard */; };
		D05775D2214B4E57006D8DBF /* Location.swift in Sources */ = {isa = PBXBuildFile; fileRef = D05775D1214B4E57006D8DBF /* Location.swift */; };
		D05775D4214B4FA1006D8DBF /* LocationStorage.swift in Sources */ = {isa = PBXBuildFile; fileRef = D05775D3214B4FA1006D8DBF /* LocationStorage.swift */; };
/* End PBXBuildFile section */

/* Begin PBXFileReference section */
		D05775BA214B4557006D8DBF /* CoreLocationDemo2.app */ = {isa = PBXFileReference; explicitFileType = wrapper.application; includeInIndex = 0; path = CoreLocationDemo2.app; sourceTree = BUILT_PRODUCTS_DIR; };
		D05775BD214B4557006D8DBF /* AppDelegate.swift */ = {isa = PBXFileReference; lastKnownFileType = sourcecode.swift; path = AppDelegate.swift; sourceTree = "<group>"; };
		D05775BF214B4557006D8DBF /* FirstViewController.swift */ = {isa = PBXFileReference; lastKnownFileType = sourcecode.swift; path = FirstViewController.swift; sourceTree = "<group>"; };
		D05775C1214B4557006D8DBF /* SecondViewController.swift */ = {isa = PBXFileReference; lastKnownFileType = sourcecode.swift; path = SecondViewController.swift; sourceTree = "<group>"; };
		D05775C4214B4557006D8DBF /* Base */ = {isa = PBXFileReference; lastKnownFileType = file.storyboard; name = Base; path = Base.lproj/Main.storyboard; sourceTree = "<group>"; };
		D05775C6214B4558006D8DBF /* Assets.xcassets */ = {isa = PBXFileReference; lastKnownFileType = folder.assetcatalog; path = Assets.xcassets; sourceTree = "<group>"; };
		D05775C9214B4558006D8DBF /* Base */ = {isa = PBXFileReference; lastKnownFileType = file.storyboard; name = Base; path = Base.lproj/LaunchScreen.storyboard; sourceTree = "<group>"; };
		D05775CB214B4558006D8DBF /* Info.plist */ = {isa = PBXFileReference; lastKnownFileType = text.plist.xml; path = Info.plist; sourceTree = "<group>"; };
		D05775D1214B4E57006D8DBF /* Location.swift */ = {isa = PBXFileReference; lastKnownFileType = sourcecode.swift; path = Location.swift; sourceTree = "<group>"; };
		D05775D3214B4FA1006D8DBF /* LocationStorage.swift */ = {isa = PBXFileReference; lastKnownFileType = sourcecode.swift; path = LocationStorage.swift; sourceTree = "<group>"; };
/* End PBXFileReference section */

/* Begin PBXFrameworksBuildPhase section */
		D05775B7214B4557006D8DBF /* Frameworks */ = {
			isa = PBXFrameworksBuildPhase;
			buildActionMask = 2147483647;
			files = (
			);
			runOnlyForDeploymentPostprocessing = 0;
		};
/* End PBXFrameworksBuildPhase section */

/* Begin PBXGroup section */
		D05775B1214B4557006D8DBF = {
			isa = PBXGroup;
			children = (
				D05775BC214B4557006D8DBF /* CoreLocationDemo2 */,
				D05775BB214B4557006D8DBF /* Products */,
			);
			sourceTree = "<group>";
		};
		D05775BB214B4557006D8DBF /* Products */ = {
			isa = PBXGroup;
			children = (
				D05775BA214B4557006D8DBF /* CoreLocationDemo2.app */,
			);
			name = Products;
			sourceTree = "<group>";
		};
		D05775BC214B4557006D8DBF /* CoreLocationDemo2 */ = {
			isa = PBXGroup;
			children = (
				D05775BD214B4557006D8DBF /* AppDelegate.swift */,
				D05775BF214B4557006D8DBF /* FirstViewController.swift */,
				D05775C1214B4557006D8DBF /* SecondViewController.swift */,
				D05775D1214B4E57006D8DBF /* Location.swift */,
				D05775D3214B4FA1006D8DBF /* LocationStorage.swift */,
				D05775C3214B4557006D8DBF /* Main.storyboard */,
				D05775C6214B4558006D8DBF /* Assets.xcassets */,
				D05775C8214B4558006D8DBF /* LaunchScreen.storyboard */,
				D05775CB214B4558006D8DBF /* Info.plist */,
			);
			path = CoreLocationDemo2;
			sourceTree = "<group>";
		};
/* End PBXGroup section */

/* Begin PBXNativeTarget section */
		D05775B9214B4557006D8DBF /* CoreLocationDemo2 */ = {
			isa = PBXNativeTarget;
			buildConfigurationList = D05775CE214B4558006D8DBF /* Build configuration list for PBXNativeTarget "CoreLocationDemo2" */;
			buildPhases = (
				D05775B6214B4557006D8DBF /* Sources */,
				D05775B7214B4557006D8DBF /* Frameworks */,
				D05775B8214B4557006D8DBF /* Resources */,
			);
			buildRules = (
			);
			dependencies = (
			);
			name = CoreLocationDemo2;
			productName = CoreLocationDemo2;
			productReference = D05775BA214B4557006D8DBF /* CoreLocationDemo2.app */;
			productType = "com.apple.product-type.application";
		};
/* End PBXNativeTarget section */

/* Begin PBXProject section */
		D05775B2214B4557006D8DBF /* Project object */ = {
			isa = PBXProject;
			attributes = {
				LastSwiftUpdateCheck = 0940;
				LastUpgradeCheck = 0940;
				ORGANIZATIONNAME = "Amanda Demetrio";
				TargetAttributes = {
					D05775B9214B4557006D8DBF = {
						CreatedOnToolsVersion = 9.4.1;
					};
				};
			};
			buildConfigurationList = D05775B5214B4557006D8DBF /* Build configuration list for PBXProject "CoreLocationDemo2" */;
			compatibilityVersion = "Xcode 9.3";
			developmentRegion = en;
			hasScannedForEncodings = 0;
			knownRegions = (
				en,
				Base,
			);
			mainGroup = D05775B1214B4557006D8DBF;
			productRefGroup = D05775BB214B4557006D8DBF /* Products */;
			projectDirPath = "";
			projectRoot = "";
			targets = (
				D05775B9214B4557006D8DBF /* CoreLocationDemo2 */,
			);
		};
/* End PBXProject section */

/* Begin PBXResourcesBuildPhase section */
		D05775B8214B4557006D8DBF /* Resources */ = {
			isa = PBXResourcesBuildPhase;
			buildActionMask = 2147483647;
			files = (
				D05775CA214B4558006D8DBF /* LaunchScreen.storyboard in Resources */,
				D05775C7214B4558006D8DBF /* Assets.xcassets in Resources */,
				D05775C5214B4557006D8DBF /* Main.storyboard in Resources */,
			);
			runOnlyForDeploymentPostprocessing = 0;
		};
/* End PBXResourcesBuildPhase section */

/* Begin PBXSourcesBuildPhase section */
		D05775B6214B4557006D8DBF /* Sources */ = {
			isa = PBXSourcesBuildPhase;
			buildActionMask = 2147483647;
			files = (
				D05775D4214B4FA1006D8DBF /* LocationStorage.swift in Sources */,
				D05775C2214B4557006D8DBF /* SecondViewController.swift in Sources */,
				D05775BE214B4557006D8DBF /* AppDelegate.swift in Sources */,
				D05775D2214B4E57006D8DBF /* Location.swift in Sources */,
				D05775C0214B4557006D8DBF /* FirstViewController.swift in Sources */,
			);
			runOnlyForDeploymentPostprocessing = 0;
		};
/* End PBXSourcesBuildPhase section */

/* Begin PBXVariantGroup section */
		D05775C3214B4557006D8DBF /* Main.storyboard */ = {
			isa = PBXVariantGroup;
			children = (
				D05775C4214B4557006D8DBF /* Base */,
			);
			name = Main.storyboard;
			sourceTree = "<group>";
		};
		D05775C8214B4558006D8DBF /* LaunchScreen.storyboard */ = {
			isa = PBXVariantGroup;
			children = (
				D05775C9214B4558006D8DBF /* Base */,
			);
			name = LaunchScreen.storyboard;
			sourceTree = "<group>";
		};
/* End PBXVariantGroup section */

/* Begin XCBuildConfiguration section */
		D05775CC214B4558006D8DBF /* Debug */ = {
			isa = XCBuildConfiguration;
			buildSettings = {
				ALWAYS_SEARCH_USER_PATHS = NO;
				CLANG_ANALYZER_NONNULL = YES;
				CLANG_ANALYZER_NUMBER_OBJECT_CONVERSION = YES_AGGRESSIVE;
				CLANG_CXX_LANGUAGE_STANDARD = "gnu++14";
				CLANG_CXX_LIBRARY = "libc++";
				CLANG_ENABLE_MODULES = YES;
				CLANG_ENABLE_OBJC_ARC = YES;
				CLANG_ENABLE_OBJC_WEAK = YES;
				CLANG_WARN_BLOCK_CAPTURE_AUTORELEASING = YES;
				CLANG_WARN_BOOL_CONVERSION = YES;
				CLANG_WARN_COMMA = YES;
				CLANG_WARN_CONSTANT_CONVERSION = YES;
				CLANG_WARN_DEPRECATED_OBJC_IMPLEMENTATIONS = YES;
				CLANG_WARN_DIRECT_OBJC_ISA_USAGE = YES_ERROR;
				CLANG_WARN_DOCUMENTATION_COMMENTS = YES;
				CLANG_WARN_EMPTY_BODY = YES;
				CLANG_WARN_ENUM_CONVERSION = YES;
				CLANG_WARN_INFINITE_RECURSION = YES;
				CLANG_WARN_INT_CONVERSION = YES;
				CLANG_WARN_NON_LITERAL_NULL_CONVERSION = YES;
				CLANG_WARN_OBJC_IMPLICIT_RETAIN_SELF = YES;
				CLANG_WARN_OBJC_LITERAL_CONVERSION = YES;
				CLANG_WARN_OBJC_ROOT_CLASS = YES_ERROR;
				CLANG_WARN_RANGE_LOOP_ANALYSIS = YES;
				CLANG_WARN_STRICT_PROTOTYPES = YES;
				CLANG_WARN_SUSPICIOUS_MOVE = YES;
				CLANG_WARN_UNGUARDED_AVAILABILITY = YES_AGGRESSIVE;
				CLANG_WARN_UNREACHABLE_CODE = YES;
				CLANG_WARN__DUPLICATE_METHOD_MATCH = YES;
				CODE_SIGN_IDENTITY = "iPhone Developer";
				COPY_PHASE_STRIP = NO;
				DEBUG_INFORMATION_FORMAT = dwarf;
				ENABLE_STRICT_OBJC_MSGSEND = YES;
				ENABLE_TESTABILITY = YES;
				GCC_C_LANGUAGE_STANDARD = gnu11;
				GCC_DYNAMIC_NO_PIC = NO;
				GCC_NO_COMMON_BLOCKS = YES;
				GCC_OPTIMIZATION_LEVEL = 0;
				GCC_PREPROCESSOR_DEFINITIONS = (
					"DEBUG=1",
					"$(inherited)",
				);
				GCC_WARN_64_TO_32_BIT_CONVERSION = YES;
				GCC_WARN_ABOUT_RETURN_TYPE = YES_ERROR;
				GCC_WARN_UNDECLARED_SELECTOR = YES;
				GCC_WARN_UNINITIALIZED_AUTOS = YES_AGGRESSIVE;
				GCC_WARN_UNUSED_FUNCTION = YES;
				GCC_WARN_UNUSED_VARIABLE = YES;
				IPHONEOS_DEPLOYMENT_TARGET = 11.4;
				MTL_ENABLE_DEBUG_INFO = YES;
				ONLY_ACTIVE_ARCH = YES;
				SDKROOT = iphoneos;
				SWIFT_ACTIVE_COMPILATION_CONDITIONS = DEBUG;
				SWIFT_OPTIMIZATION_LEVEL = "-Onone";
			};
			name = Debug;
		};
		D05775CD214B4558006D8DBF /* Release */ = {
			isa = XCBuildConfiguration;
			buildSettings = {
				ALWAYS_SEARCH_USER_PATHS = NO;
				CLANG_ANALYZER_NONNULL = YES;
				CLANG_ANALYZER_NUMBER_OBJECT_CONVERSION = YES_AGGRESSIVE;
				CLANG_CXX_LANGUAGE_STANDARD = "gnu++14";
				CLANG_CXX_LIBRARY = "libc++";
				CLANG_ENABLE_MODULES = YES;
				CLANG_ENABLE_OBJC_ARC = YES;
				CLANG_ENABLE_OBJC_WEAK = YES;
				CLANG_WARN_BLOCK_CAPTURE_AUTORELEASING = YES;
				CLANG_WARN_BOOL_CONVERSION = YES;
				CLANG_WARN_COMMA = YES;
				CLANG_WARN_CONSTANT_CONVERSION = YES;
				CLANG_WARN_DEPRECATED_OBJC_IMPLEMENTATIONS = YES;
				CLANG_WARN_DIRECT_OBJC_ISA_USAGE = YES_ERROR;
				CLANG_WARN_DOCUMENTATION_COMMENTS = YES;
				CLANG_WARN_EMPTY_BODY = YES;
				CLANG_WARN_ENUM_CONVERSION = YES;
				CLANG_WARN_INFINITE_RECURSION = YES;
				CLANG_WARN_INT_CONVERSION = YES;
				CLANG_WARN_NON_LITERAL_NULL_CONVERSION = YES;
				CLANG_WARN_OBJC_IMPLICIT_RETAIN_SELF = YES;
				CLANG_WARN_OBJC_LITERAL_CONVERSION = YES;
				CLANG_WARN_OBJC_ROOT_CLASS = YES_ERROR;
				CLANG_WARN_RANGE_LOOP_ANALYSIS = YES;
				CLANG_WARN_STRICT_PROTOTYPES = YES;
				CLANG_WARN_SUSPICIOUS_MOVE = YES;
				CLANG_WARN_UNGUARDED_AVAILABILITY = YES_AGGRESSIVE;
				CLANG_WARN_UNREACHABLE_CODE = YES;
				CLANG_WARN__DUPLICATE_METHOD_MATCH = YES;
				CODE_SIGN_IDENTITY = "iPhone Developer";
				COPY_PHASE_STRIP = NO;
				DEBUG_INFORMATION_FORMAT = "dwarf-with-dsym";
				ENABLE_NS_ASSERTIONS = NO;
				ENABLE_STRICT_OBJC_MSGSEND = YES;
				GCC_C_LANGUAGE_STANDARD = gnu11;
				GCC_NO_COMMON_BLOCKS = YES;
				GCC_WARN_64_TO_32_BIT_CONVERSION = YES;
				GCC_WARN_ABOUT_RETURN_TYPE = YES_ERROR;
				GCC_WARN_UNDECLARED_SELECTOR = YES;
				GCC_WARN_UNINITIALIZED_AUTOS = YES_AGGRESSIVE;
				GCC_WARN_UNUSED_FUNCTION = YES;
				GCC_WARN_UNUSED_VARIABLE = YES;
				IPHONEOS_DEPLOYMENT_TARGET = 11.4;
				MTL_ENABLE_DEBUG_INFO = NO;
				SDKROOT = iphoneos;
				SWIFT_COMPILATION_MODE = wholemodule;
				SWIFT_OPTIMIZATION_LEVEL = "-O";
				VALIDATE_PRODUCT = YES;
			};
			name = Release;
		};
		D05775CF214B4558006D8DBF /* Debug */ = {
			isa = XCBuildConfiguration;
			buildSettings = {
				ASSETCATALOG_COMPILER_APPICON_NAME = AppIcon;
				CODE_SIGN_STYLE = Automatic;
				DEVELOPMENT_TEAM = Y3JS8H9524;
				INFOPLIST_FILE = CoreLocationDemo2/Info.plist;
				LD_RUNPATH_SEARCH_PATHS = (
					"$(inherited)",
					"@executable_path/Frameworks",
				);
				PRODUCT_BUNDLE_IDENTIFIER = com.amandademetrio.CoreLocationDemo2;
				PRODUCT_NAME = "$(TARGET_NAME)";
				SWIFT_VERSION = 4.0;
				TARGETED_DEVICE_FAMILY = "1,2";
			};
			name = Debug;
		};
		D05775D0214B4558006D8DBF /* Release */ = {
			isa = XCBuildConfiguration;
			buildSettings = {
				ASSETCATALOG_COMPILER_APPICON_NAME = AppIcon;
				CODE_SIGN_STYLE = Automatic;
				DEVELOPMENT_TEAM = Y3JS8H9524;
				INFOPLIST_FILE = CoreLocationDemo2/Info.plist;
				LD_RUNPATH_SEARCH_PATHS = (
					"$(inherited)",
					"@executable_path/Frameworks",
				);
				PRODUCT_BUNDLE_IDENTIFIER = com.amandademetrio.CoreLocationDemo2;
				PRODUCT_NAME = "$(TARGET_NAME)";
				SWIFT_VERSION = 4.0;
				TARGETED_DEVICE_FAMILY = "1,2";
			};
			name = Release;
		};
/* End XCBuildConfiguration section */

/* Begin XCConfigurationList section */
		D05775B5214B4557006D8DBF /* Build configuration list for PBXProject "CoreLocationDemo2" */ = {
			isa = XCConfigurationList;
			buildConfigurations = (
				D05775CC214B4558006D8DBF /* Debug */,
				D05775CD214B4558006D8DBF /* Release */,
			);
			defaultConfigurationIsVisible = 0;
			defaultConfigurationName = Release;
		};
		D05775CE214B4558006D8DBF /* Build configuration list for PBXNativeTarget "CoreLocationDemo2" */ = {
			isa = XCConfigurationList;
			buildConfigurations = (
				D05775CF214B4558006D8DBF /* Debug */,
				D05775D0214B4558006D8DBF /* Release */,
			);
			defaultConfigurationIsVisible = 0;
			defaultConfigurationName = Release;
		};
/* End XCConfigurationList section */
	};
	rootObject = D05775B2214B4557006D8DBF /* Project object */;
}
